// !$*UTF8*$!
{
	archiveVersion = 1;
	classes = {
	};
	objectVersion = 55;
	objects = {

/* Begin PBXBuildFile section */
		3833297728CAC28E00DB425F /* alien.scnz in Resources */ = {isa = PBXBuildFile; fileRef = 3833297628CAC28E00DB425F /* alien.scnz */; };
		3833297F28CAC4BD00DB425F /* alien_head_SPECROUGHLW.heic in Resources */ = {isa = PBXBuildFile; fileRef = 3833297828CAC4BC00DB425F /* alien_head_SPECROUGHLW.heic */; };
		3833298028CAC4BD00DB425F /* alien_head_DIFFUSE.heic in Resources */ = {isa = PBXBuildFile; fileRef = 3833297928CAC4BC00DB425F /* alien_head_DIFFUSE.heic */; };
		3833298128CAC4BD00DB425F /* alien-cameraGrid.atx in Resources */ = {isa = PBXBuildFile; fileRef = 3833297A28CAC4BC00DB425F /* alien-cameraGrid.atx */; };
		3833298228CAC4BD00DB425F /* alien_head_AO.heic in Resources */ = {isa = PBXBuildFile; fileRef = 3833297B28CAC4BC00DB425F /* alien_head_AO.heic */; };
		3833298328CAC4BD00DB425F /* alien-cameras.scn in Resources */ = {isa = PBXBuildFile; fileRef = 3833297C28CAC4BC00DB425F /* alien-cameras.scn */; };
		3833298428CAC4BD00DB425F /* alien_head_ONTOP.heic in Resources */ = {isa = PBXBuildFile; fileRef = 3833297D28CAC4BD00DB425F /* alien_head_ONTOP.heic */; };
		3833298528CAC4BD00DB425F /* alien-camera.atx in Resources */ = {isa = PBXBuildFile; fileRef = 3833297E28CAC4BD00DB425F /* alien-camera.atx */; };
		3863CA2A28CABEF400D31BBE /* MemojiSceneApp.swift in Sources */ = {isa = PBXBuildFile; fileRef = 3863CA2928CABEF400D31BBE /* MemojiSceneApp.swift */; };
		3863CA2C28CABEF400D31BBE /* ContentView.swift in Sources */ = {isa = PBXBuildFile; fileRef = 3863CA2B28CABEF400D31BBE /* ContentView.swift */; };
		3863CA2E28CABEF500D31BBE /* Assets.xcassets in Resources */ = {isa = PBXBuildFile; fileRef = 3863CA2D28CABEF500D31BBE /* Assets.xcassets */; };
		3863CA3128CABEF500D31BBE /* Preview Assets.xcassets in Resources */ = {isa = PBXBuildFile; fileRef = 3863CA3028CABEF500D31BBE /* Preview Assets.xcassets */; };
		3863CA3928CABF8700D31BBE /* SceneView in Frameworks */ = {isa = PBXBuildFile; productRef = 3863CA3828CABF8700D31BBE /* SceneView */; };
/* End PBXBuildFile section */

/* Begin PBXFileReference section */
		3833297628CAC28E00DB425F /* alien.scnz */ = {isa = PBXFileReference; lastKnownFileType = file; path = alien.scnz; sourceTree = "<group>"; };
		3833297828CAC4BC00DB425F /* alien_head_SPECROUGHLW.heic */ = {isa = PBXFileReference; lastKnownFileType = file; path = alien_head_SPECROUGHLW.heic; sourceTree = "<group>"; };
		3833297928CAC4BC00DB425F /* alien_head_DIFFUSE.heic */ = {isa = PBXFileReference; lastKnownFileType = file; path = alien_head_DIFFUSE.heic; sourceTree = "<group>"; };
		3833297A28CAC4BC00DB425F /* alien-cameraGrid.atx */ = {isa = PBXFileReference; lastKnownFileType = file; path = "alien-cameraGrid.atx"; sourceTree = "<group>"; };
		3833297B28CAC4BC00DB425F /* alien_head_AO.heic */ = {isa = PBXFileReference; lastKnownFileType = file; path = alien_head_AO.heic; sourceTree = "<group>"; };
		3833297C28CAC4BC00DB425F /* alien-cameras.scn */ = {isa = PBXFileReference; lastKnownFileType = file.bplist; path = "alien-cameras.scn"; sourceTree = "<group>"; };
		3833297D28CAC4BD00DB425F /* alien_head_ONTOP.heic */ = {isa = PBXFileReference; lastKnownFileType = file; path = alien_head_ONTOP.heic; sourceTree = "<group>"; };
		3833297E28CAC4BD00DB425F /* alien-camera.atx */ = {isa = PBXFileReference; lastKnownFileType = file; path = "alien-camera.atx"; sourceTree = "<group>"; };
		3863CA2628CABEF400D31BBE /* MemojiScene.app */ = {isa = PBXFileReference; explicitFileType = wrapper.application; includeInIndex = 0; path = MemojiScene.app; sourceTree = BUILT_PRODUCTS_DIR; };
		3863CA2928CABEF400D31BBE /* MemojiSceneApp.swift */ = {isa = PBXFileReference; lastKnownFileType = sourcecode.swift; path = MemojiSceneApp.swift; sourceTree = "<group>"; };
		3863CA2B28CABEF400D31BBE /* ContentView.swift */ = {isa = PBXFileReference; lastKnownFileType = sourcecode.swift; path = ContentView.swift; sourceTree = "<group>"; };
		3863CA2D28CABEF500D31BBE /* Assets.xcassets */ = {isa = PBXFileReference; lastKnownFileType = folder.assetcatalog; path = Assets.xcassets; sourceTree = "<group>"; };
		3863CA3028CABEF500D31BBE /* Preview Assets.xcassets */ = {isa = PBXFileReference; lastKnownFileType = folder.assetcatalog; path = "Preview Assets.xcassets"; sourceTree = "<group>"; };
/* End PBXFileReference section */

/* Begin PBXFrameworksBuildPhase section */
		3863CA2328CABEF400D31BBE /* Frameworks */ = {
			isa = PBXFrameworksBuildPhase;
			buildActionMask = 2147483647;
			files = (
				3863CA3928CABF8700D31BBE /* SceneView in Frameworks */,
			);
			runOnlyForDeploymentPostprocessing = 0;
		};
/* End PBXFrameworksBuildPhase section */

/* Begin PBXGroup section */
		3833298628CAC4F100DB425F /* alien */ = {
			isa = PBXGroup;
			children = (
				3833297B28CAC4BC00DB425F /* alien_head_AO.heic */,
				3833297928CAC4BC00DB425F /* alien_head_DIFFUSE.heic */,
				3833297D28CAC4BD00DB425F /* alien_head_ONTOP.heic */,
				3833297828CAC4BC00DB425F /* alien_head_SPECROUGHLW.heic */,
				3833297E28CAC4BD00DB425F /* alien-camera.atx */,
				3833297A28CAC4BC00DB425F /* alien-cameraGrid.atx */,
				3833297C28CAC4BC00DB425F /* alien-cameras.scn */,
				3833297628CAC28E00DB425F /* alien.scnz */,
			);
			path = alien;
			sourceTree = "<group>";
		};
		3863CA1D28CABEF400D31BBE = {
			isa = PBXGroup;
			children = (
				3863CA2828CABEF400D31BBE /* MemojiScene */,
				3863CA2728CABEF400D31BBE /* Products */,
			);
			sourceTree = "<group>";
		};
		3863CA2728CABEF400D31BBE /* Products */ = {
			isa = PBXGroup;
			children = (
				3863CA2628CABEF400D31BBE /* MemojiScene.app */,
			);
			name = Products;
			sourceTree = "<group>";
		};
		3863CA2828CABEF400D31BBE /* MemojiScene */ = {
			isa = PBXGroup;
			children = (
				3833298628CAC4F100DB425F /* alien */,
				3863CA2928CABEF400D31BBE /* MemojiSceneApp.swift */,
				3863CA2B28CABEF400D31BBE /* ContentView.swift */,
				3863CA2D28CABEF500D31BBE /* Assets.xcassets */,
				3863CA2F28CABEF500D31BBE /* Preview Content */,
			);
			path = MemojiScene;
			sourceTree = "<group>";
		};
		3863CA2F28CABEF500D31BBE /* Preview Content */ = {
			isa = PBXGroup;
			children = (
				3863CA3028CABEF500D31BBE /* Preview Assets.xcassets */,
			);
			path = "Preview Content";
			sourceTree = "<group>";
		};
/* End PBXGroup section */

/* Begin PBXNativeTarget section */
		3863CA2528CABEF400D31BBE /* MemojiScene */ = {
			isa = PBXNativeTarget;
			buildConfigurationList = 3863CA3428CABEF500D31BBE /* Build configuration list for PBXNativeTarget "MemojiScene" */;
			buildPhases = (
				3863CA2228CABEF400D31BBE /* Sources */,
				3863CA2328CABEF400D31BBE /* Frameworks */,
				3863CA2428CABEF400D31BBE /* Resources */,
			);
			buildRules = (
			);
			dependencies = (
			);
			name = MemojiScene;
			packageProductDependencies = (
				3863CA3828CABF8700D31BBE /* SceneView */,
			);
			productName = MemojiScene;
			productReference = 3863CA2628CABEF400D31BBE /* MemojiScene.app */;
			productType = "com.apple.product-type.application";
		};
/* End PBXNativeTarget section */

/* Begin PBXProject section */
		3863CA1E28CABEF400D31BBE /* Project object */ = {
			isa = PBXProject;
			attributes = {
				BuildIndependentTargetsInParallel = 1;
				LastSwiftUpdateCheck = 1340;
				LastUpgradeCheck = 1340;
				TargetAttributes = {
					3863CA2528CABEF400D31BBE = {
						CreatedOnToolsVersion = 13.4.1;
					};
				};
			};
			buildConfigurationList = 3863CA2128CABEF400D31BBE /* Build configuration list for PBXProject "MemojiScene" */;
			compatibilityVersion = "Xcode 13.0";
			developmentRegion = en;
			hasScannedForEncodings = 0;
			knownRegions = (
				en,
				Base,
			);
			mainGroup = 3863CA1D28CABEF400D31BBE;
			packageReferences = (
				3863CA3728CABF8600D31BBE /* XCRemoteSwiftPackageReference "SceneView" */,
			);
			productRefGroup = 3863CA2728CABEF400D31BBE /* Products */;
			projectDirPath = "";
			projectRoot = "";
			targets = (
				3863CA2528CABEF400D31BBE /* MemojiScene */,
			);
		};
/* End PBXProject section */

/* Begin PBXResourcesBuildPhase section */
		3863CA2428CABEF400D31BBE /* Resources */ = {
			isa = PBXResourcesBuildPhase;
			buildActionMask = 2147483647;
			files = (
				3863CA3128CABEF500D31BBE /* Preview Assets.xcassets in Resources */,
				3833298228CAC4BD00DB425F /* alien_head_AO.heic in Resources */,
				3833298528CAC4BD00DB425F /* alien-camera.atx in Resources */,
				3833298428CAC4BD00DB425F /* alien_head_ONTOP.heic in Resources */,
				3833297728CAC28E00DB425F /* alien.scnz in Resources */,
				3833297F28CAC4BD00DB425F /* alien_head_SPECROUGHLW.heic in Resources */,
				3833298028CAC4BD00DB425F /* alien_head_DIFFUSE.heic in Resources */,
				3833298328CAC4BD00DB425F /* alien-cameras.scn in Resources */,
				3833298128CAC4BD00DB425F /* alien-cameraGrid.atx in Resources */,
				3863CA2E28CABEF500D31BBE /* Assets.xcassets in Resources */,
			);
			runOnlyForDeploymentPostprocessing = 0;
		};
/* End PBXResourcesBuildPhase section */

/* Begin PBXSourcesBuildPhase section */
		3863CA2228CABEF400D31BBE /* Sources */ = {
			isa = PBXSourcesBuildPhase;
			buildActionMask = 2147483647;
			files = (
				3863CA2C28CABEF400D31BBE /* ContentView.swift in Sources */,
				3863CA2A28CABEF400D31BBE /* MemojiSceneApp.swift in Sources */,
			);
			runOnlyForDeploymentPostprocessing = 0;
		};
/* End PBXSourcesBuildPhase section */

/* Begin XCBuildConfiguration section */
		3863CA3228CABEF500D31BBE /* Debug */ = {
			isa = XCBuildConfiguration;
			buildSettings = {
				ALWAYS_SEARCH_USER_PATHS = NO;
				CLANG_ANALYZER_NONNULL = YES;
				CLANG_ANALYZER_NUMBER_OBJECT_CONVERSION = YES_AGGRESSIVE;
				CLANG_CXX_LANGUAGE_STANDARD = "gnu++17";
				CLANG_ENABLE_MODULES = YES;
				CLANG_ENABLE_OBJC_ARC = YES;
				CLANG_ENABLE_OBJC_WEAK = YES;
				CLANG_WARN_BLOCK_CAPTURE_AUTORELEASING = YES;
				CLANG_WARN_BOOL_CONVERSION = YES;
				CLANG_WARN_COMMA = YES;
				CLANG_WARN_CONSTANT_CONVERSION = YES;
				CLANG_WARN_DEPRECATED_OBJC_IMPLEMENTATIONS = YES;
				CLANG_WARN_DIRECT_OBJC_ISA_USAGE = YES_ERROR;
				CLANG_WARN_DOCUMENTATION_COMMENTS = YES;
				CLANG_WARN_EMPTY_BODY = YES;
				CLANG_WARN_ENUM_CONVERSION = YES;
				CLANG_WARN_INFINITE_RECURSION = YES;
				CLANG_WARN_INT_CONVERSION = YES;
				CLANG_WARN_NON_LITERAL_NULL_CONVERSION = YES;
				CLANG_WARN_OBJC_IMPLICIT_RETAIN_SELF = YES;
				CLANG_WARN_OBJC_LITERAL_CONVERSION = YES;
				CLANG_WARN_OBJC_ROOT_CLASS = YES_ERROR;
				CLANG_WARN_QUOTED_INCLUDE_IN_FRAMEWORK_HEADER = YES;
				CLANG_WARN_RANGE_LOOP_ANALYSIS = YES;
				CLANG_WARN_STRICT_PROTOTYPES = YES;
				CLANG_WARN_SUSPICIOUS_MOVE = YES;
				CLANG_WARN_UNGUARDED_AVAILABILITY = YES_AGGRESSIVE;
				CLANG_WARN_UNREACHABLE_CODE = YES;
				CLANG_WARN__DUPLICATE_METHOD_MATCH = YES;
				COPY_PHASE_STRIP = NO;
				DEBUG_INFORMATION_FORMAT = dwarf;
				ENABLE_STRICT_OBJC_MSGSEND = YES;
				ENABLE_TESTABILITY = YES;
				GCC_C_LANGUAGE_STANDARD = gnu11;
				GCC_DYNAMIC_NO_PIC = NO;
				GCC_NO_COMMON_BLOCKS = YES;
				GCC_OPTIMIZATION_LEVEL = 0;
				GCC_PREPROCESSOR_DEFINITIONS = (
					"DEBUG=1",
					"$(inherited)",
				);
				GCC_WARN_64_TO_32_BIT_CONVERSION = YES;
				GCC_WARN_ABOUT_RETURN_TYPE = YES_ERROR;
				GCC_WARN_UNDECLARED_SELECTOR = YES;
				GCC_WARN_UNINITIALIZED_AUTOS = YES_AGGRESSIVE;
				GCC_WARN_UNUSED_FUNCTION = YES;
				GCC_WARN_UNUSED_VARIABLE = YES;
				IPHONEOS_DEPLOYMENT_TARGET = 15.5;
				MTL_ENABLE_DEBUG_INFO = INCLUDE_SOURCE;
				MTL_FAST_MATH = YES;
				ONLY_ACTIVE_ARCH = YES;
				SDKROOT = iphoneos;
				SWIFT_ACTIVE_COMPILATION_CONDITIONS = DEBUG;
				SWIFT_OPTIMIZATION_LEVEL = "-Onone";
			};
			name = Debug;
		};
		3863CA3328CABEF500D31BBE /* Release */ = {
			isa = XCBuildConfiguration;
			buildSettings = {
				ALWAYS_SEARCH_USER_PATHS = NO;
				CLANG_ANALYZER_NONNULL = YES;
				CLANG_ANALYZER_NUMBER_OBJECT_CONVERSION = YES_AGGRESSIVE;
				CLANG_CXX_LANGUAGE_STANDARD = "gnu++17";
				CLANG_ENABLE_MODULES = YES;
				CLANG_ENABLE_OBJC_ARC = YES;
				CLANG_ENABLE_OBJC_WEAK = YES;
				CLANG_WARN_BLOCK_CAPTURE_AUTORELEASING = YES;
				CLANG_WARN_BOOL_CONVERSION = YES;
				CLANG_WARN_COMMA = YES;
				CLANG_WARN_CONSTANT_CONVERSION = YES;
				CLANG_WARN_DEPRECATED_OBJC_IMPLEMENTATIONS = YES;
				CLANG_WARN_DIRECT_OBJC_ISA_USAGE = YES_ERROR;
				CLANG_WARN_DOCUMENTATION_COMMENTS = YES;
				CLANG_WARN_EMPTY_BODY = YES;
				CLANG_WARN_ENUM_CONVERSION = YES;
				CLANG_WARN_INFINITE_RECURSION = YES;
				CLANG_WARN_INT_CONVERSION = YES;
				CLANG_WARN_NON_LITERAL_NULL_CONVERSION = YES;
				CLANG_WARN_OBJC_IMPLICIT_RETAIN_SELF = YES;
				CLANG_WARN_OBJC_LITERAL_CONVERSION = YES;
				CLANG_WARN_OBJC_ROOT_CLASS = YES_ERROR;
				CLANG_WARN_QUOTED_INCLUDE_IN_FRAMEWORK_HEADER = YES;
				CLANG_WARN_RANGE_LOOP_ANALYSIS = YES;
				CLANG_WARN_STRICT_PROTOTYPES = YES;
				CLANG_WARN_SUSPICIOUS_MOVE = YES;
				CLANG_WARN_UNGUARDED_AVAILABILITY = YES_AGGRESSIVE;
				CLANG_WARN_UNREACHABLE_CODE = YES;
				CLANG_WARN__DUPLICATE_METHOD_MATCH = YES;
				COPY_PHASE_STRIP = NO;
				DEBUG_INFORMATION_FORMAT = "dwarf-with-dsym";
				ENABLE_NS_ASSERTIONS = NO;
				ENABLE_STRICT_OBJC_MSGSEND = YES;
				GCC_C_LANGUAGE_STANDARD = gnu11;
				GCC_NO_COMMON_BLOCKS = YES;
				GCC_WARN_64_TO_32_BIT_CONVERSION = YES;
				GCC_WARN_ABOUT_RETURN_TYPE = YES_ERROR;
				GCC_WARN_UNDECLARED_SELECTOR = YES;
				GCC_WARN_UNINITIALIZED_AUTOS = YES_AGGRESSIVE;
				GCC_WARN_UNUSED_FUNCTION = YES;
				GCC_WARN_UNUSED_VARIABLE = YES;
				IPHONEOS_DEPLOYMENT_TARGET = 15.5;
				MTL_ENABLE_DEBUG_INFO = NO;
				MTL_FAST_MATH = YES;
				SDKROOT = iphoneos;
				SWIFT_COMPILATION_MODE = wholemodule;
				SWIFT_OPTIMIZATION_LEVEL = "-O";
				VALIDATE_PRODUCT = YES;
			};
			name = Release;
		};
		3863CA3528CABEF500D31BBE /* Debug */ = {
			isa = XCBuildConfiguration;
			buildSettings = {
				ASSETCATALOG_COMPILER_APPICON_NAME = AppIcon;
				ASSETCATALOG_COMPILER_GLOBAL_ACCENT_COLOR_NAME = AccentColor;
				CODE_SIGN_STYLE = Automatic;
				CURRENT_PROJECT_VERSION = 1;
				DEVELOPMENT_ASSET_PATHS = "\"MemojiScene/Preview Content\"";
				DEVELOPMENT_TEAM = 34D2A9BXM5;
				ENABLE_PREVIEWS = YES;
				GENERATE_INFOPLIST_FILE = YES;
				INFOPLIST_KEY_UIApplicationSceneManifest_Generation = YES;
				INFOPLIST_KEY_UIApplicationSupportsIndirectInputEvents = YES;
				INFOPLIST_KEY_UILaunchScreen_Generation = YES;
				INFOPLIST_KEY_UISupportedInterfaceOrientations_iPad = "UIInterfaceOrientationPortrait UIInterfaceOrientationPortraitUpsideDown UIInterfaceOrientationLandscapeLeft UIInterfaceOrientationLandscapeRight";
				INFOPLIST_KEY_UISupportedInterfaceOrientations_iPhone = "UIInterfaceOrientationPortrait UIInterfaceOrientationLandscapeLeft UIInterfaceOrientationLandscapeRight";
				LD_RUNPATH_SEARCH_PATHS = (
					"$(inherited)",
					"@executable_path/Frameworks",
				);
				MARKETING_VERSION = 1.0;
				PRODUCT_BUNDLE_IDENTIFIER = com.alexburneikis.MemojiScene;
				PRODUCT_NAME = "$(TARGET_NAME)";
				SWIFT_EMIT_LOC_STRINGS = YES;
				SWIFT_VERSION = 5.0;
				TARGETED_DEVICE_FAMILY = "1,2";
			};
			name = Debug;
		};
		3863CA3628CABEF500D31BBE /* Release */ = {
			isa = XCBuildConfiguration;
			buildSettings = {
				ASSETCATALOG_COMPILER_APPICON_NAME = AppIcon;
				ASSETCATALOG_COMPILER_GLOBAL_ACCENT_COLOR_NAME = AccentColor;
				CODE_SIGN_STYLE = Automatic;
				CURRENT_PROJECT_VERSION = 1;
				DEVELOPMENT_ASSET_PATHS = "\"MemojiScene/Preview Content\"";
				DEVELOPMENT_TEAM = 34D2A9BXM5;
				ENABLE_PREVIEWS = YES;
				GENERATE_INFOPLIST_FILE = YES;
				INFOPLIST_KEY_UIApplicationSceneManifest_Generation = YES;
				INFOPLIST_KEY_UIApplicationSupportsIndirectInputEvents = YES;
				INFOPLIST_KEY_UILaunchScreen_Generation = YES;
				INFOPLIST_KEY_UISupportedInterfaceOrientations_iPad = "UIInterfaceOrientationPortrait UIInterfaceOrientationPortraitUpsideDown UIInterfaceOrientationLandscapeLeft UIInterfaceOrientationLandscapeRight";
				INFOPLIST_KEY_UISupportedInterfaceOrientations_iPhone = "UIInterfaceOrientationPortrait UIInterfaceOrientationLandscapeLeft UIInterfaceOrientationLandscapeRight";
				LD_RUNPATH_SEARCH_PATHS = (
					"$(inherited)",
					"@executable_path/Frameworks",
				);
				MARKETING_VERSION = 1.0;
				PRODUCT_BUNDLE_IDENTIFIER = com.alexburneikis.MemojiScene;
				PRODUCT_NAME = "$(TARGET_NAME)";
				SWIFT_EMIT_LOC_STRINGS = YES;
				SWIFT_VERSION = 5.0;
				TARGETED_DEVICE_FAMILY = "1,2";
			};
			name = Release;
		};
/* End XCBuildConfiguration section */

/* Begin XCConfigurationList section */
		3863CA2128CABEF400D31BBE /* Build configuration list for PBXProject "MemojiScene" */ = {
			isa = XCConfigurationList;
			buildConfigurations = (
				3863CA3228CABEF500D31BBE /* Debug */,
				3863CA3328CABEF500D31BBE /* Release */,
			);
			defaultConfigurationIsVisible = 0;
			defaultConfigurationName = Release;
		};
		3863CA3428CABEF500D31BBE /* Build configuration list for PBXNativeTarget "MemojiScene" */ = {
			isa = XCConfigurationList;
			buildConfigurations = (
				3863CA3528CABEF500D31BBE /* Debug */,
				3863CA3628CABEF500D31BBE /* Release */,
			);
			defaultConfigurationIsVisible = 0;
			defaultConfigurationName = Release;
		};
/* End XCConfigurationList section */

/* Begin XCRemoteSwiftPackageReference section */
		3863CA3728CABF8600D31BBE /* XCRemoteSwiftPackageReference "SceneView" */ = {
			isa = XCRemoteSwiftPackageReference;
			repositoryURL = "https://github.com/general-framework/SceneView";
			requirement = {
				branch = master;
				kind = branch;
			};
		};
/* End XCRemoteSwiftPackageReference section */

/* Begin XCSwiftPackageProductDependency section */
		3863CA3828CABF8700D31BBE /* SceneView */ = {
			isa = XCSwiftPackageProductDependency;
			package = 3863CA3728CABF8600D31BBE /* XCRemoteSwiftPackageReference "SceneView" */;
			productName = SceneView;
		};
/* End XCSwiftPackageProductDependency section */
	};
	rootObject = 3863CA1E28CABEF400D31BBE /* Project object */;
}
